// !$*UTF8*$!
{
	archiveVersion = 1;
	classes = {
	};
	objectVersion = 46;
	objects = {

/* Begin PBXBuildFile section */
		DF5AA7041E1DE97100DF8984 /* main.m in Sources */ = {isa = PBXBuildFile; fileRef = DF5AA7031E1DE97100DF8984 /* main.m */; };
		DF5AA7071E1DE97100DF8984 /* AppDelegate.m in Sources */ = {isa = PBXBuildFile; fileRef = DF5AA7061E1DE97100DF8984 /* AppDelegate.m */; };
		DF5AA70A1E1DE97100DF8984 /* ViewController.m in Sources */ = {isa = PBXBuildFile; fileRef = DF5AA7091E1DE97100DF8984 /* ViewController.m */; };
		DF5AA70D1E1DE97100DF8984 /* Main.storyboard in Resources */ = {isa = PBXBuildFile; fileRef = DF5AA70B1E1DE97100DF8984 /* Main.storyboard */; };
		DF5AA70F1E1DE97200DF8984 /* Assets.xcassets in Resources */ = {isa = PBXBuildFile; fileRef = DF5AA70E1E1DE97200DF8984 /* Assets.xcassets */; };
		DF5AA7121E1DE97200DF8984 /* LaunchScreen.storyboard in Resources */ = {isa = PBXBuildFile; fileRef = DF5AA7101E1DE97200DF8984 /* LaunchScreen.storyboard */; };
		DF5AA71D1E1DE97200DF8984 /* UUBabyBluetoothDemoTests.m in Sources */ = {isa = PBXBuildFile; fileRef = DF5AA71C1E1DE97200DF8984 /* UUBabyBluetoothDemoTests.m */; };
		DF5AA7281E1DE97200DF8984 /* UUBabyBluetoothDemoUITests.m in Sources */ = {isa = PBXBuildFile; fileRef = DF5AA7271E1DE97200DF8984 /* UUBabyBluetoothDemoUITests.m */; };
/* End PBXBuildFile section */

/* Begin PBXContainerItemProxy section */
		DF5AA7191E1DE97200DF8984 /* PBXContainerItemProxy */ = {
			isa = PBXContainerItemProxy;
			containerPortal = DF5AA6F71E1DE97100DF8984 /* Project object */;
			proxyType = 1;
			remoteGlobalIDString = DF5AA6FE1E1DE97100DF8984;
			remoteInfo = UUBabyBluetoothDemo;
		};
		DF5AA7241E1DE97200DF8984 /* PBXContainerItemProxy */ = {
			isa = PBXContainerItemProxy;
			containerPortal = DF5AA6F71E1DE97100DF8984 /* Project object */;
			proxyType = 1;
			remoteGlobalIDString = DF5AA6FE1E1DE97100DF8984;
			remoteInfo = UUBabyBluetoothDemo;
		};
/* End PBXContainerItemProxy section */

/* Begin PBXFileReference section */
		DF5AA6FF1E1DE97100DF8984 /* UUBabyBluetoothDemo.app */ = {isa = PBXFileReference; explicitFileType = wrapper.application; includeInIndex = 0; path = UUBabyBluetoothDemo.app; sourceTree = BUILT_PRODUCTS_DIR; };
		DF5AA7031E1DE97100DF8984 /* main.m */ = {isa = PBXFileReference; lastKnownFileType = sourcecode.c.objc; path = main.m; sourceTree = "<group>"; };
		DF5AA7051E1DE97100DF8984 /* AppDelegate.h */ = {isa = PBXFileReference; lastKnownFileType = sourcecode.c.h; path = AppDelegate.h; sourceTree = "<group>"; };
		DF5AA7061E1DE97100DF8984 /* AppDelegate.m */ = {isa = PBXFileReference; lastKnownFileType = sourcecode.c.objc; path = AppDelegate.m; sourceTree = "<group>"; };
		DF5AA7081E1DE97100DF8984 /* ViewController.h */ = {isa = PBXFileReference; lastKnownFileType = sourcecode.c.h; path = ViewController.h; sourceTree = "<group>"; };
		DF5AA7091E1DE97100DF8984 /* ViewController.m */ = {isa = PBXFileReference; lastKnownFileType = sourcecode.c.objc; path = ViewController.m; sourceTree = "<group>"; };
		DF5AA70C1E1DE97100DF8984 /* Base */ = {isa = PBXFileReference; lastKnownFileType = file.storyboard; name = Base; path = Base.lproj/Main.storyboard; sourceTree = "<group>"; };
		DF5AA70E1E1DE97200DF8984 /* Assets.xcassets */ = {isa = PBXFileReference; lastKnownFileType = folder.assetcatalog; path = Assets.xcassets; sourceTree = "<group>"; };
		DF5AA7111E1DE97200DF8984 /* Base */ = {isa = PBXFileReference; lastKnownFileType = file.storyboard; name = Base; path = Base.lproj/LaunchScreen.storyboard; sourceTree = "<group>"; };
		DF5AA7131E1DE97200DF8984 /* Info.plist */ = {isa = PBXFileReference; lastKnownFileType = text.plist.xml; path = Info.plist; sourceTree = "<group>"; };
		DF5AA7181E1DE97200DF8984 /* UUBabyBluetoothDemoTests.xctest */ = {isa = PBXFileReference; explicitFileType = wrapper.cfbundle; includeInIndex = 0; path = UUBabyBluetoothDemoTests.xctest; sourceTree = BUILT_PRODUCTS_DIR; };
		DF5AA71C1E1DE97200DF8984 /* UUBabyBluetoothDemoTests.m */ = {isa = PBXFileReference; lastKnownFileType = sourcecode.c.objc; path = UUBabyBluetoothDemoTests.m; sourceTree = "<group>"; };
		DF5AA71E1E1DE97200DF8984 /* Info.plist */ = {isa = PBXFileReference; lastKnownFileType = text.plist.xml; path = Info.plist; sourceTree = "<group>"; };
		DF5AA7231E1DE97200DF8984 /* UUBabyBluetoothDemoUITests.xctest */ = {isa = PBXFileReference; explicitFileType = wrapper.cfbundle; includeInIndex = 0; path = UUBabyBluetoothDemoUITests.xctest; sourceTree = BUILT_PRODUCTS_DIR; };
		DF5AA7271E1DE97200DF8984 /* UUBabyBluetoothDemoUITests.m */ = {isa = PBXFileReference; lastKnownFileType = sourcecode.c.objc; path = UUBabyBluetoothDemoUITests.m; sourceTree = "<group>"; };
		DF5AA7291E1DE97200DF8984 /* Info.plist */ = {isa = PBXFileReference; lastKnownFileType = text.plist.xml; path = Info.plist; sourceTree = "<group>"; };
/* End PBXFileReference section */

/* Begin PBXFrameworksBuildPhase section */
		DF5AA6FC1E1DE97100DF8984 /* Frameworks */ = {
			isa = PBXFrameworksBuildPhase;
			buildActionMask = 2147483647;
			files = (
			);
			runOnlyForDeploymentPostprocessing = 0;
		};
		DF5AA7151E1DE97200DF8984 /* Frameworks */ = {
			isa = PBXFrameworksBuildPhase;
			buildActionMask = 2147483647;
			files = (
			);
			runOnlyForDeploymentPostprocessing = 0;
		};
		DF5AA7201E1DE97200DF8984 /* Frameworks */ = {
			isa = PBXFrameworksBuildPhase;
			buildActionMask = 2147483647;
			files = (
			);
			runOnlyForDeploymentPostprocessing = 0;
		};
/* End PBXFrameworksBuildPhase section */

/* Begin PBXGroup section */
		DF5AA6F61E1DE97100DF8984 = {
			isa = PBXGroup;
			children = (
				DF5AA7011E1DE97100DF8984 /* UUBabyBluetoothDemo */,
				DF5AA71B1E1DE97200DF8984 /* UUBabyBluetoothDemoTests */,
				DF5AA7261E1DE97200DF8984 /* UUBabyBluetoothDemoUITests */,
				DF5AA7001E1DE97100DF8984 /* Products */,
			);
			sourceTree = "<group>";
		};
		DF5AA7001E1DE97100DF8984 /* Products */ = {
			isa = PBXGroup;
			children = (
				DF5AA6FF1E1DE97100DF8984 /* UUBabyBluetoothDemo.app */,
				DF5AA7181E1DE97200DF8984 /* UUBabyBluetoothDemoTests.xctest */,
				DF5AA7231E1DE97200DF8984 /* UUBabyBluetoothDemoUITests.xctest */,
			);
			name = Products;
			sourceTree = "<group>";
		};
		DF5AA7011E1DE97100DF8984 /* UUBabyBluetoothDemo */ = {
			isa = PBXGroup;
			children = (
				DF5AA7051E1DE97100DF8984 /* AppDelegate.h */,
				DF5AA7061E1DE97100DF8984 /* AppDelegate.m */,
				DF5AA7081E1DE97100DF8984 /* ViewController.h */,
				DF5AA7091E1DE97100DF8984 /* ViewController.m */,
				DF5AA70B1E1DE97100DF8984 /* Main.storyboard */,
				DF5AA70E1E1DE97200DF8984 /* Assets.xcassets */,
				DF5AA7101E1DE97200DF8984 /* LaunchScreen.storyboard */,
				DF5AA7131E1DE97200DF8984 /* Info.plist */,
				DF5AA7021E1DE97100DF8984 /* Supporting Files */,
			);
			path = UUBabyBluetoothDemo;
			sourceTree = "<group>";
		};
		DF5AA7021E1DE97100DF8984 /* Supporting Files */ = {
			isa = PBXGroup;
			children = (
				DF5AA7031E1DE97100DF8984 /* main.m */,
			);
			name = "Supporting Files";
			sourceTree = "<group>";
		};
		DF5AA71B1E1DE97200DF8984 /* UUBabyBluetoothDemoTests */ = {
			isa = PBXGroup;
			children = (
				DF5AA71C1E1DE97200DF8984 /* UUBabyBluetoothDemoTests.m */,
				DF5AA71E1E1DE97200DF8984 /* Info.plist */,
			);
			path = UUBabyBluetoothDemoTests;
			sourceTree = "<group>";
		};
		DF5AA7261E1DE97200DF8984 /* UUBabyBluetoothDemoUITests */ = {
			isa = PBXGroup;
			children = (
				DF5AA7271E1DE97200DF8984 /* UUBabyBluetoothDemoUITests.m */,
				DF5AA7291E1DE97200DF8984 /* Info.plist */,
			);
			path = UUBabyBluetoothDemoUITests;
			sourceTree = "<group>";
		};
/* End PBXGroup section */

/* Begin PBXNativeTarget section */
		DF5AA6FE1E1DE97100DF8984 /* UUBabyBluetoothDemo */ = {
			isa = PBXNativeTarget;
			buildConfigurationList = DF5AA72C1E1DE97200DF8984 /* Build configuration list for PBXNativeTarget "UUBabyBluetoothDemo" */;
			buildPhases = (
				DF5AA6FB1E1DE97100DF8984 /* Sources */,
				DF5AA6FC1E1DE97100DF8984 /* Frameworks */,
				DF5AA6FD1E1DE97100DF8984 /* Resources */,
			);
			buildRules = (
			);
			dependencies = (
			);
			name = UUBabyBluetoothDemo;
			productName = UUBabyBluetoothDemo;
			productReference = DF5AA6FF1E1DE97100DF8984 /* UUBabyBluetoothDemo.app */;
			productType = "com.apple.product-type.application";
		};
		DF5AA7171E1DE97200DF8984 /* UUBabyBluetoothDemoTests */ = {
			isa = PBXNativeTarget;
			buildConfigurationList = DF5AA72F1E1DE97200DF8984 /* Build configuration list for PBXNativeTarget "UUBabyBluetoothDemoTests" */;
			buildPhases = (
				DF5AA7141E1DE97200DF8984 /* Sources */,
				DF5AA7151E1DE97200DF8984 /* Frameworks */,
				DF5AA7161E1DE97200DF8984 /* Resources */,
			);
			buildRules = (
			);
			dependencies = (
				DF5AA71A1E1DE97200DF8984 /* PBXTargetDependency */,
			);
			name = UUBabyBluetoothDemoTests;
			productName = UUBabyBluetoothDemoTests;
			productReference = DF5AA7181E1DE97200DF8984 /* UUBabyBluetoothDemoTests.xctest */;
			productType = "com.apple.product-type.bundle.unit-test";
		};
		DF5AA7221E1DE97200DF8984 /* UUBabyBluetoothDemoUITests */ = {
			isa = PBXNativeTarget;
			buildConfigurationList = DF5AA7321E1DE97200DF8984 /* Build configuration list for PBXNativeTarget "UUBabyBluetoothDemoUITests" */;
			buildPhases = (
				DF5AA71F1E1DE97200DF8984 /* Sources */,
				DF5AA7201E1DE97200DF8984 /* Frameworks */,
				DF5AA7211E1DE97200DF8984 /* Resources */,
			);
			buildRules = (
			);
			dependencies = (
				DF5AA7251E1DE97200DF8984 /* PBXTargetDependency */,
			);
			name = UUBabyBluetoothDemoUITests;
			productName = UUBabyBluetoothDemoUITests;
			productReference = DF5AA7231E1DE97200DF8984 /* UUBabyBluetoothDemoUITests.xctest */;
			productType = "com.apple.product-type.bundle.ui-testing";
		};
/* End PBXNativeTarget section */

/* Begin PBXProject section */
		DF5AA6F71E1DE97100DF8984 /* Project object */ = {
			isa = PBXProject;
			attributes = {
				LastUpgradeCheck = 0820;
				ORGANIZATIONNAME = lhn;
				TargetAttributes = {
					DF5AA6FE1E1DE97100DF8984 = {
						CreatedOnToolsVersion = 8.2;
						DevelopmentTeam = WMAV28N872;
						ProvisioningStyle = Automatic;
					};
					DF5AA7171E1DE97200DF8984 = {
						CreatedOnToolsVersion = 8.2;
						DevelopmentTeam = WMAV28N872;
						ProvisioningStyle = Automatic;
						TestTargetID = DF5AA6FE1E1DE97100DF8984;
					};
					DF5AA7221E1DE97200DF8984 = {
						CreatedOnToolsVersion = 8.2;
						DevelopmentTeam = WMAV28N872;
						ProvisioningStyle = Automatic;
						TestTargetID = DF5AA6FE1E1DE97100DF8984;
					};
				};
			};
			buildConfigurationList = DF5AA6FA1E1DE97100DF8984 /* Build configuration list for PBXProject "UUBabyBluetoothDemo" */;
			compatibilityVersion = "Xcode 3.2";
			developmentRegion = English;
			hasScannedForEncodings = 0;
			knownRegions = (
				en,
				Base,
			);
			mainGroup = DF5AA6F61E1DE97100DF8984;
			productRefGroup = DF5AA7001E1DE97100DF8984 /* Products */;
			projectDirPath = "";
			projectRoot = "";
			targets = (
				DF5AA6FE1E1DE97100DF8984 /* UUBabyBluetoothDemo */,
				DF5AA7171E1DE97200DF8984 /* UUBabyBluetoothDemoTests */,
				DF5AA7221E1DE97200DF8984 /* UUBabyBluetoothDemoUITests */,
			);
		};
/* End PBXProject section */

/* Begin PBXResourcesBuildPhase section */
		DF5AA6FD1E1DE97100DF8984 /* Resources */ = {
			isa = PBXResourcesBuildPhase;
			buildActionMask = 2147483647;
			files = (
				DF5AA7121E1DE97200DF8984 /* LaunchScreen.storyboard in Resources */,
				DF5AA70F1E1DE97200DF8984 /* Assets.xcassets in Resources */,
				DF5AA70D1E1DE97100DF8984 /* Main.storyboard in Resources */,
			);
			runOnlyForDeploymentPostprocessing = 0;
		};
		DF5AA7161E1DE97200DF8984 /* Resources */ = {
			isa = PBXResourcesBuildPhase;
			buildActionMask = 2147483647;
			files = (
			);
			runOnlyForDeploymentPostprocessing = 0;
		};
		DF5AA7211E1DE97200DF8984 /* Resources */ = {
			isa = PBXResourcesBuildPhase;
			buildActionMask = 2147483647;
			files = (
			);
			runOnlyForDeploymentPostprocessing = 0;
		};
/* End PBXResourcesBuildPhase section */

/* Begin PBXSourcesBuildPhase section */
		DF5AA6FB1E1DE97100DF8984 /* Sources */ = {
			isa = PBXSourcesBuildPhase;
			buildActionMask = 2147483647;
			files = (
				DF5AA70A1E1DE97100DF8984 /* ViewController.m in Sources */,
				DF5AA7071E1DE97100DF8984 /* AppDelegate.m in Sources */,
				DF5AA7041E1DE97100DF8984 /* main.m in Sources */,
			);
			runOnlyForDeploymentPostprocessing = 0;
		};
		DF5AA7141E1DE97200DF8984 /* Sources */ = {
			isa = PBXSourcesBuildPhase;
			buildActionMask = 2147483647;
			files = (
				DF5AA71D1E1DE97200DF8984 /* UUBabyBluetoothDemoTests.m in Sources */,
			);
			runOnlyForDeploymentPostprocessing = 0;
		};
		DF5AA71F1E1DE97200DF8984 /* Sources */ = {
			isa = PBXSourcesBuildPhase;
			buildActionMask = 2147483647;
			files = (
				DF5AA7281E1DE97200DF8984 /* UUBabyBluetoothDemoUITests.m in Sources */,
			);
			runOnlyForDeploymentPostprocessing = 0;
		};
/* End PBXSourcesBuildPhase section */

/* Begin PBXTargetDependency section */
		DF5AA71A1E1DE97200DF8984 /* PBXTargetDependency */ = {
			isa = PBXTargetDependency;
			target = DF5AA6FE1E1DE97100DF8984 /* UUBabyBluetoothDemo */;
			targetProxy = DF5AA7191E1DE97200DF8984 /* PBXContainerItemProxy */;
		};
		DF5AA7251E1DE97200DF8984 /* PBXTargetDependency */ = {
			isa = PBXTargetDependency;
			target = DF5AA6FE1E1DE97100DF8984 /* UUBabyBluetoothDemo */;
			targetProxy = DF5AA7241E1DE97200DF8984 /* PBXContainerItemProxy */;
		};
/* End PBXTargetDependency section */

/* Begin PBXVariantGroup section */
		DF5AA70B1E1DE97100DF8984 /* Main.storyboard */ = {
			isa = PBXVariantGroup;
			children = (
				DF5AA70C1E1DE97100DF8984 /* Base */,
			);
			name = Main.storyboard;
			sourceTree = "<group>";
		};
		DF5AA7101E1DE97200DF8984 /* LaunchScreen.storyboard */ = {
			isa = PBXVariantGroup;
			children = (
				DF5AA7111E1DE97200DF8984 /* Base */,
			);
			name = LaunchScreen.storyboard;
			sourceTree = "<group>";
		};
/* End PBXVariantGroup section */

/* Begin XCBuildConfiguration section */
		DF5AA72A1E1DE97200DF8984 /* Debug */ = {
			isa = XCBuildConfiguration;
			buildSettings = {
				ALWAYS_SEARCH_USER_PATHS = NO;
				CLANG_ANALYZER_NONNULL = YES;
				CLANG_CXX_LANGUAGE_STANDARD = "gnu++0x";
				CLANG_CXX_LIBRARY = "libc++";
				CLANG_ENABLE_MODULES = YES;
				CLANG_ENABLE_OBJC_ARC = YES;
				CLANG_WARN_BOOL_CONVERSION = YES;
				CLANG_WARN_CONSTANT_CONVERSION = YES;
				CLANG_WARN_DIRECT_OBJC_ISA_USAGE = YES_ERROR;
				CLANG_WARN_DOCUMENTATION_COMMENTS = YES;
				CLANG_WARN_EMPTY_BODY = YES;
				CLANG_WARN_ENUM_CONVERSION = YES;
				CLANG_WARN_INFINITE_RECURSION = YES;
				CLANG_WARN_INT_CONVERSION = YES;
				CLANG_WARN_OBJC_ROOT_CLASS = YES_ERROR;
				CLANG_WARN_SUSPICIOUS_MOVE = YES;
				CLANG_WARN_UNREACHABLE_CODE = YES;
				CLANG_WARN__DUPLICATE_METHOD_MATCH = YES;
				"CODE_SIGN_IDENTITY[sdk=iphoneos*]" = "iPhone Developer";
				COPY_PHASE_STRIP = NO;
				DEBUG_INFORMATION_FORMAT = dwarf;
				ENABLE_STRICT_OBJC_MSGSEND = YES;
				ENABLE_TESTABILITY = YES;
				GCC_C_LANGUAGE_STANDARD = gnu99;
				GCC_DYNAMIC_NO_PIC = NO;
				GCC_NO_COMMON_BLOCKS = YES;
				GCC_OPTIMIZATION_LEVEL = 0;
				GCC_PREPROCESSOR_DEFINITIONS = (
					"DEBUG=1",
					"$(inherited)",
				);
				GCC_WARN_64_TO_32_BIT_CONVERSION = YES;
				GCC_WARN_ABOUT_RETURN_TYPE = YES_ERROR;
				GCC_WARN_UNDECLARED_SELECTOR = YES;
				GCC_WARN_UNINITIALIZED_AUTOS = YES_AGGRESSIVE;
				GCC_WARN_UNUSED_FUNCTION = YES;
				GCC_WARN_UNUSED_VARIABLE = YES;
				IPHONEOS_DEPLOYMENT_TARGET = 10.2;
				MTL_ENABLE_DEBUG_INFO = YES;
				ONLY_ACTIVE_ARCH = YES;
				SDKROOT = iphoneos;
				TARGETED_DEVICE_FAMILY = "1,2";
			};
			name = Debug;
		};
		DF5AA72B1E1DE97200DF8984 /* Release */ = {
			isa = XCBuildConfiguration;
			buildSettings = {
				ALWAYS_SEARCH_USER_PATHS = NO;
				CLANG_ANALYZER_NONNULL = YES;
				CLANG_CXX_LANGUAGE_STANDARD = "gnu++0x";
				CLANG_CXX_LIBRARY = "libc++";
				CLANG_ENABLE_MODULES = YES;
				CLANG_ENABLE_OBJC_ARC = YES;
				CLANG_WARN_BOOL_CONVERSION = YES;
				CLANG_WARN_CONSTANT_CONVERSION = YES;
				CLANG_WARN_DIRECT_OBJC_ISA_USAGE = YES_ERROR;
				CLANG_WARN_DOCUMENTATION_COMMENTS = YES;
				CLANG_WARN_EMPTY_BODY = YES;
				CLANG_WARN_ENUM_CONVERSION = YES;
				CLANG_WARN_INFINITE_RECURSION = YES;
				CLANG_WARN_INT_CONVERSION = YES;
				CLANG_WARN_OBJC_ROOT_CLASS = YES_ERROR;
				CLANG_WARN_SUSPICIOUS_MOVE = YES;
				CLANG_WARN_UNREACHABLE_CODE = YES;
				CLANG_WARN__DUPLICATE_METHOD_MATCH = YES;
				"CODE_SIGN_IDENTITY[sdk=iphoneos*]" = "iPhone Developer";
				COPY_PHASE_STRIP = NO;
				DEBUG_INFORMATION_FORMAT = "dwarf-with-dsym";
				ENABLE_NS_ASSERTIONS = NO;
				ENABLE_STRICT_OBJC_MSGSEND = YES;
				GCC_C_LANGUAGE_STANDARD = gnu99;
				GCC_NO_COMMON_BLOCKS = YES;
				GCC_WARN_64_TO_32_BIT_CONVERSION = YES;
				GCC_WARN_ABOUT_RETURN_TYPE = YES_ERROR;
				GCC_WARN_UNDECLARED_SELECTOR = YES;
				GCC_WARN_UNINITIALIZED_AUTOS = YES_AGGRESSIVE;
				GCC_WARN_UNUSED_FUNCTION = YES;
				GCC_WARN_UNUSED_VARIABLE = YES;
				IPHONEOS_DEPLOYMENT_TARGET = 10.2;
				MTL_ENABLE_DEBUG_INFO = NO;
				SDKROOT = iphoneos;
				TARGETED_DEVICE_FAMILY = "1,2";
				VALIDATE_PRODUCT = YES;
			};
			name = Release;
		};
		DF5AA72D1E1DE97200DF8984 /* Debug */ = {
			isa = XCBuildConfiguration;
			buildSettings = {
				ASSETCATALOG_COMPILER_APPICON_NAME = AppIcon;
				DEVELOPMENT_TEAM = WMAV28N872;
				INFOPLIST_FILE = UUBabyBluetoothDemo/Info.plist;
				LD_RUNPATH_SEARCH_PATHS = "$(inherited) @executable_path/Frameworks";
				PRODUCT_BUNDLE_IDENTIFIER = com.hkt.UUBabyBluetoothDemo;
				PRODUCT_NAME = "$(TARGET_NAME)";
			};
			name = Debug;
		};
		DF5AA72E1E1DE97200DF8984 /* Release */ = {
			isa = XCBuildConfiguration;
			buildSettings = {
				ASSETCATALOG_COMPILER_APPICON_NAME = AppIcon;
				DEVELOPMENT_TEAM = WMAV28N872;
				INFOPLIST_FILE = UUBabyBluetoothDemo/Info.plist;
				LD_RUNPATH_SEARCH_PATHS = "$(inherited) @executable_path/Frameworks";
				PRODUCT_BUNDLE_IDENTIFIER = com.hkt.UUBabyBluetoothDemo;
				PRODUCT_NAME = "$(TARGET_NAME)";
			};
			name = Release;
		};
		DF5AA7301E1DE97200DF8984 /* Debug */ = {
			isa = XCBuildConfiguration;
			buildSettings = {
				BUNDLE_LOADER = "$(TEST_HOST)";
				DEVELOPMENT_TEAM = WMAV28N872;
				INFOPLIST_FILE = UUBabyBluetoothDemoTests/Info.plist;
				LD_RUNPATH_SEARCH_PATHS = "$(inherited) @executable_path/Frameworks @loader_path/Frameworks";
				PRODUCT_BUNDLE_IDENTIFIER = com.hkt.UUBabyBluetoothDemoTests;
				PRODUCT_NAME = "$(TARGET_NAME)";
				TEST_HOST = "$(BUILT_PRODUCTS_DIR)/UUBabyBluetoothDemo.app/UUBabyBluetoothDemo";
			};
			name = Debug;
		};
		DF5AA7311E1DE97200DF8984 /* Release */ = {
			isa = XCBuildConfiguration;
			buildSettings = {
				BUNDLE_LOADER = "$(TEST_HOST)";
				DEVELOPMENT_TEAM = WMAV28N872;
				INFOPLIST_FILE = UUBabyBluetoothDemoTests/Info.plist;
				LD_RUNPATH_SEARCH_PATHS = "$(inherited) @executable_path/Frameworks @loader_path/Frameworks";
				PRODUCT_BUNDLE_IDENTIFIER = com.hkt.UUBabyBluetoothDemoTests;
				PRODUCT_NAME = "$(TARGET_NAME)";
				TEST_HOST = "$(BUILT_PRODUCTS_DIR)/UUBabyBluetoothDemo.app/UUBabyBluetoothDemo";
			};
			name = Release;
		};
		DF5AA7331E1DE97200DF8984 /* Debug */ = {
			isa = XCBuildConfiguration;
			buildSettings = {
				DEVELOPMENT_TEAM = WMAV28N872;
				INFOPLIST_FILE = UUBabyBluetoothDemoUITests/Info.plist;
				LD_RUNPATH_SEARCH_PATHS = "$(inherited) @executable_path/Frameworks @loader_path/Frameworks";
				PRODUCT_BUNDLE_IDENTIFIER = com.hkt.UUBabyBluetoothDemoUITests;
				PRODUCT_NAME = "$(TARGET_NAME)";
				TEST_TARGET_NAME = UUBabyBluetoothDemo;
			};
			name = Debug;
		};
		DF5AA7341E1DE97200DF8984 /* Release */ = {
			isa = XCBuildConfiguration;
			buildSettings = {
				DEVELOPMENT_TEAM = WMAV28N872;
				INFOPLIST_FILE = UUBabyBluetoothDemoUITests/Info.plist;
				LD_RUNPATH_SEARCH_PATHS = "$(inherited) @executable_path/Frameworks @loader_path/Frameworks";
				PRODUCT_BUNDLE_IDENTIFIER = com.hkt.UUBabyBluetoothDemoUITests;
				PRODUCT_NAME = "$(TARGET_NAME)";
				TEST_TARGET_NAME = UUBabyBluetoothDemo;
			};
			name = Release;
		};
/* End XCBuildConfiguration section */

/* Begin XCConfigurationList section */
		DF5AA6FA1E1DE97100DF8984 /* Build configuration list for PBXProject "UUBabyBluetoothDemo" */ = {
			isa = XCConfigurationList;
			buildConfigurations = (
				DF5AA72A1E1DE97200DF8984 /* Debug */,
				DF5AA72B1E1DE97200DF8984 /* Release */,
			);
			defaultConfigurationIsVisible = 0;
			defaultConfigurationName = Release;
		};
		DF5AA72C1E1DE97200DF8984 /* Build configuration list for PBXNativeTarget "UUBabyBluetoothDemo" */ = {
			isa = XCConfigurationList;
			buildConfigurations = (
				DF5AA72D1E1DE97200DF8984 /* Debug */,
				DF5AA72E1E1DE97200DF8984 /* Release */,
			);
			defaultConfigurationIsVisible = 0;
		};
		DF5AA72F1E1DE97200DF8984 /* Build configuration list for PBXNativeTarget "UUBabyBluetoothDemoTests" */ = {
			isa = XCConfigurationList;
			buildConfigurations = (
				DF5AA7301E1DE97200DF8984 /* Debug */,
				DF5AA7311E1DE97200DF8984 /* Release */,
			);
			defaultConfigurationIsVisible = 0;
		};
		DF5AA7321E1DE97200DF8984 /* Build configuration list for PBXNativeTarget "UUBabyBluetoothDemoUITests" */ = {
			isa = XCConfigurationList;
			buildConfigurations = (
				DF5AA7331E1DE97200DF8984 /* Debug */,
				DF5AA7341E1DE97200DF8984 /* Release */,
			);
			defaultConfigurationIsVisible = 0;
		};
/* End XCConfigurationList section */
	};
	rootObject = DF5AA6F71E1DE97100DF8984 /* Project object */;
}
